# This file is autogenerated, do not edit; changes may be undone by the next 'dep ensure'.


[[projects]]
  name = "github.com/PuerkitoBio/purell"
  packages = ["."]
  revision = "8a290539e2e8629dbc4e6bad948158f790ec31f4"
  version = "v1.0.0"

[[projects]]
  name = "github.com/PuerkitoBio/urlesc"
  packages = ["."]
  revision = "5bd2802263f21d8788851d5305584c82a5c75d7e"

[[projects]]
  branch = "master"
  name = "github.com/aerogear/mobile-crd-client"
  packages = [
    "pkg/apis/mobile/v1alpha1",
    "pkg/apis/servicecatalog/v1beta1",
    "pkg/client/mobile/clientset/versioned",
    "pkg/client/mobile/clientset/versioned/fake",
    "pkg/client/mobile/clientset/versioned/scheme",
    "pkg/client/mobile/clientset/versioned/typed/mobile/v1alpha1",
    "pkg/client/mobile/clientset/versioned/typed/mobile/v1alpha1/fake",
    "pkg/client/servicecatalog/clientset/versioned",
    "pkg/client/servicecatalog/clientset/versioned/fake",
    "pkg/client/servicecatalog/clientset/versioned/scheme",
    "pkg/client/servicecatalog/clientset/versioned/typed/servicecatalog/v1beta1",
    "pkg/client/servicecatalog/clientset/versioned/typed/servicecatalog/v1beta1/fake"
  ]
  revision = "a5044e1e34248dcb922b9e9fa4d49797b024a46a"

[[projects]]
  branch = "master"
  name = "github.com/apex/log"
  packages = [
    ".",
    "handlers/cli"
  ]
  revision = "ff0f66940b829dc66c81dad34746d4349b83eb9e"

[[projects]]
  branch = "master"
  name = "github.com/blakesmith/ar"
  packages = ["."]
  revision = "8bd4349a67f2533b078dbc524689d15dba0f4659"

[[projects]]
  name = "github.com/caarlos0/ctrlc"
  packages = ["."]
  revision = "70dc48d5d792f20f684a8f1d29bbac298f4b2ef4"
  version = "v1.0.0"

[[projects]]
  branch = "master"
  name = "github.com/campoy/unique"
  packages = ["."]
  revision = "88950e537e7e644cd746a3102037b5d2b723e9f5"

[[projects]]
  name = "github.com/davecgh/go-spew"
  packages = ["spew"]
  revision = "5215b55f46b2b919f50a1df0eaa5886afe4e3b3d"

[[projects]]
  name = "github.com/docker/distribution"
  packages = [
    "digest",
    "reference"
  ]
  revision = "cd27f179f2c10c5d300e6d09025b538c475b0d51"

[[projects]]
  name = "github.com/emicklei/go-restful"
  packages = [
    ".",
    "log"
  ]
  revision = "ff4f55a206334ef123e4f79bbf348980da81ca46"

[[projects]]
  name = "github.com/emicklei/go-restful-swagger12"
  packages = ["."]
  revision = "dcef7f55730566d41eae5db10e7d6981829720f6"
  version = "1.0.1"

[[projects]]
  name = "github.com/fatih/color"
  packages = ["."]
  revision = "5b77d2a35fb0ede96d138fc9a99f5c9b6aef11b4"
  version = "v1.7.0"

[[projects]]
  name = "github.com/fsnotify/fsnotify"
  packages = ["."]
  revision = "f12c6236fe7b5cf6bcf30e5935d08cb079d78334"

[[projects]]
  name = "github.com/ghodss/yaml"
  packages = ["."]
  revision = "73d445a93680fa1a78ae23a5839bad48f32ba1ee"

[[projects]]
  name = "github.com/go-openapi/analysis"
  packages = ["."]
  revision = "b44dc874b601d9e4e2f6e19140e794ba24bead3b"

[[projects]]
  name = "github.com/go-openapi/jsonpointer"
  packages = ["."]
  revision = "46af16f9f7b149af66e5d1bd010e3574dc06de98"

[[projects]]
  name = "github.com/go-openapi/jsonreference"
  packages = ["."]
  revision = "13c6e3589ad90f49bd3e3bbe2c2cb3d7a4142272"

[[projects]]
  name = "github.com/go-openapi/loads"
  packages = ["."]
  revision = "18441dfa706d924a39a030ee2c3b1d8d81917b38"

[[projects]]
  name = "github.com/go-openapi/spec"
  packages = ["."]
  revision = "6aced65f8501fe1217321abf0749d354824ba2ff"

[[projects]]
  name = "github.com/go-openapi/swag"
  packages = ["."]
  revision = "1d0bd113de87027671077d3c71eb3ac5d7dbba72"

[[projects]]
  name = "github.com/gogo/protobuf"
  packages = [
    "proto",
    "sortkeys"
  ]
  revision = "c0656edd0d9eab7c66d1eb0c568f9039345796f7"

[[projects]]
  name = "github.com/golang/glog"
  packages = ["."]
  revision = "44145f04b68cf362d9c4df2182967c2275eaefed"

[[projects]]
  name = "github.com/golang/protobuf"
  packages = ["proto"]
  revision = "b4deda0973fb4c70b50d226b1af49f3da59f5265"
  version = "v1.1.0"

[[projects]]
  branch = "master"
  name = "github.com/google/go-github"
  packages = ["github"]
  revision = "8ea2e2657df890db8fb434a9274799d641bd698c"

[[projects]]
  branch = "master"
  name = "github.com/google/go-querystring"
  packages = ["query"]
  revision = "53e6ce116135b80d037921a7fdd5138cf32d7a8a"

[[projects]]
  name = "github.com/google/gofuzz"
  packages = ["."]
  revision = "44d81051d367757e1c7c6a5a86423ece9afcf63c"

[[projects]]
  name = "github.com/goreleaser/archive"
  packages = [
    ".",
    "tar",
    "zip"
  ]
  revision = "c373877947a8e6aeca89a9baf33c313c8371a7b8"
  version = "v1.1.1"

[[projects]]
  name = "github.com/goreleaser/goreleaser"
  packages = [
    ".",
    "build",
    "checksum",
    "config",
    "context",
    "internal/artifact",
    "internal/builders/golang",
    "internal/client",
    "internal/deprecate",
    "internal/filenametemplate",
    "internal/git",
    "internal/linux",
    "pipeline",
    "pipeline/archive",
    "pipeline/artifactory",
    "pipeline/brew",
    "pipeline/build",
    "pipeline/changelog",
    "pipeline/checksums",
    "pipeline/defaults",
    "pipeline/dist",
    "pipeline/docker",
    "pipeline/effectiveconfig",
    "pipeline/env",
    "pipeline/fpm",
    "pipeline/git",
    "pipeline/nfpm",
    "pipeline/release",
    "pipeline/scoop",
    "pipeline/sign",
    "pipeline/snapcraft",
    "pipeline/snapshot"
  ]
  revision = "0f24a529da99ab466a87f3a22ccca4a0ce8ea71d"
  version = "v0.58.3"

[[projects]]
  name = "github.com/goreleaser/nfpm"
  packages = [
    ".",
    "deb",
    "rpm"
  ]
  revision = "abbeff965dca4a62182014b9105fe305d2f26af4"
  version = "v0.5.12"

[[projects]]
  name = "github.com/hashicorp/hcl"
  packages = [
    ".",
    "hcl/ast",
    "hcl/parser",
    "hcl/scanner",
    "hcl/strconv",
    "hcl/token",
    "json/parser",
    "json/scanner",
    "json/token"
  ]
  revision = "d8c773c4cba11b11539e3d45f93daeaa5dcf1fa1"

[[projects]]
  branch = "master"
  name = "github.com/howeyc/gopass"
  packages = ["."]
  revision = "bf9dde6d0d2c004a008c27aaee91170c786f6db8"

[[projects]]
  name = "github.com/imdario/mergo"
  packages = ["."]
  revision = "6633656539c1639d9d78127b7d47c622b5d7b6dc"

[[projects]]
  name = "github.com/inconshreveable/mousetrap"
  packages = ["."]
  revision = "76626ae9c91c4f2a10f34cad8ce83ea42c93bb75"
  version = "v1.0"

[[projects]]
  name = "github.com/juju/ratelimit"
  packages = ["."]
  revision = "5b9ff866471762aa2ab2dced63c9fb6f53921342"
  version = "1.0"

[[projects]]
  name = "github.com/kr/fs"
  packages = ["."]
  revision = "2788f0dbd16903de03cb8186e5c7d97b69ad387b"

[[projects]]
  name = "github.com/magiconair/properties"
  packages = ["."]
  revision = "61b492c03cf472e0c6419be5899b8e0dc28b1b88"

[[projects]]
  name = "github.com/mailru/easyjson"
  packages = [
    "buffer",
    "jlexer",
    "jwriter"
  ]
  revision = "d5b7844b561a7bc640052f1b935f7b800330d7e0"

[[projects]]
  name = "github.com/masterminds/semver"
  packages = ["."]
  revision = "c7af12943936e8c39859482e61f0574c2fd7fc75"
  version = "v1.4.2"

[[projects]]
  name = "github.com/mattn/go-colorable"
  packages = ["."]
  revision = "167de6bfdfba052fa6b2d3664c8f5272e23c9072"
  version = "v0.0.9"

[[projects]]
  name = "github.com/mattn/go-isatty"
  packages = ["."]
  revision = "0360b2af4f38e8d38c7fce2a9f4e702702d73a39"
  version = "v0.0.3"

[[projects]]
  name = "github.com/mattn/go-runewidth"
  packages = ["."]
  revision = "9e777a8366cce605130a531d2cd6363d07ad7317"
  version = "v0.0.2"

[[projects]]
  branch = "master"
  name = "github.com/mattn/go-zglob"
  packages = [
    ".",
    "fastwalk"
  ]
  revision = "9960a25705902198f55789b9b689a686682798b5"

[[projects]]
  branch = "master"
  name = "github.com/mitchellh/go-homedir"
  packages = ["."]
  revision = "3864e76763d94a6df2f9960b16a20a33da9f9a66"

[[projects]]
  name = "github.com/mitchellh/mapstructure"
  packages = ["."]
  revision = "06020f85339e21b2478f756a78e295255ffa4d6a"

[[projects]]
  name = "github.com/olekukonko/tablewriter"
  packages = ["."]
  revision = "65fec0d89a572b4367094e2058d3ebe667de3b60"

[[projects]]
  name = "github.com/pelletier/go-buffruneio"
  packages = ["."]
  revision = "df1e16fde7fc330a0ca68167c23bf7ed6ac31d6d"
  version = "v0.1.0"

[[projects]]
  name = "github.com/pelletier/go-toml"
  packages = ["."]
  revision = "0049ab3dc4c4c70a9eee23087437b69c0dde2130"

[[projects]]
  name = "github.com/pkg/errors"
  packages = ["."]
  revision = "645ef00459ed84a119197bfb8d8205042c6df63d"
  version = "v0.8.0"

[[projects]]
  name = "github.com/pkg/sftp"
  packages = ["."]
  revision = "4d0e916071f68db74f8a73926335f809396d6b42"

[[projects]]
  name = "github.com/satori/go.uuid"
  packages = ["."]
  revision = "879c5887cd475cd7864858769793b2ceb0d44feb"
  version = "v1.1.0"

[[projects]]
  name = "github.com/spf13/afero"
  packages = [
    ".",
    "mem",
    "sftp"
  ]
  revision = "b28a7effac979219c2a2ed6205a4d70e4b1bcd02"

[[projects]]
  name = "github.com/spf13/cast"
  packages = ["."]
  revision = "e31f36ffc91a2ba9ddb72a4b6a607ff9b3d3cb63"

[[projects]]
  name = "github.com/spf13/cobra"
  packages = ["."]
  revision = "7b2c5ac9fc04fc5efafb60700713d4fa609b777b"
  version = "v0.0.1"

[[projects]]
  name = "github.com/spf13/jwalterweatherman"
  packages = ["."]
  revision = "33c24e77fb80341fe7130ee7c594256ff08ccc46"

[[projects]]
  name = "github.com/spf13/pflag"
  packages = ["."]
  revision = "e57e3eeb33f795204c1ca35f56c44f83227c6e66"
  version = "v1.0.0"

[[projects]]
  name = "github.com/spf13/viper"
  packages = ["."]
  revision = "4dddf7c62e16bce5807744018f5b753bfe21bbd2"

[[projects]]
  name = "github.com/ugorji/go"
  packages = ["codec"]
  revision = "ded73eae5db7e7a0ef6f55aace87a2873c5d2b74"

[[projects]]
  name = "github.com/urfave/cli"
  packages = ["."]
  revision = "cfb38830724cc34fedffe9a2a29fb54fa9169cd1"
  version = "v1.20.0"

[[projects]]
  name = "golang.org/x/crypto"
  packages = [
    "curve25519",
    "ed25519",
    "ed25519/internal/edwards25519",
    "ssh",
    "ssh/terminal"
  ]
  revision = "d172538b2cfce0c13cee31e647d0367aa8cd2486"

[[projects]]
  name = "golang.org/x/net"
  packages = [
    "context",
    "context/ctxhttp",
    "http2",
    "http2/hpack",
    "idna",
    "lex/httplex"
  ]
  revision = "f2499483f923065a842d38eb4c7f1927e6fc6e6d"

[[projects]]
  branch = "master"
  name = "golang.org/x/oauth2"
  packages = [
    ".",
    "internal"
  ]
  revision = "770e5ebd4ab27c4d70b0983674d138217f5e2c72"

[[projects]]
  branch = "master"
  name = "golang.org/x/sync"
  packages = ["errgroup"]
  revision = "1d60e4601c6fd243af51cc01ddf169918a5407ca"

[[projects]]
  name = "golang.org/x/sys"
  packages = ["unix"]
  revision = "8f0908ab3b2457e2e15403d3697c9ef5cb4b57a9"

[[projects]]
  name = "golang.org/x/text"
  packages = [
    "cases",
    "internal/gen",
    "internal/tag",
    "internal/triegen",
    "internal/ucd",
    "language",
    "runes",
    "secure/bidirule",
    "secure/precis",
    "transform",
    "unicode/bidi",
    "unicode/cldr",
    "unicode/norm",
    "unicode/rangetable",
    "width"
  ]
  revision = "2910a502d2bf9e43193af9d68ca516529614eed3"

[[projects]]
  name = "google.golang.org/appengine"
  packages = [
    "internal",
    "internal/base",
    "internal/datastore",
    "internal/log",
    "internal/remote_api",
    "internal/urlfetch",
    "urlfetch"
  ]
  revision = "150dc57a1b433e64154302bdc40b6bb8aefa313a"
  version = "v1.0.0"

[[projects]]
  name = "gopkg.in/inf.v0"
  packages = ["."]
  revision = "3887ee99ecf07df5b447e9b00d9c0b2adaa9f3e4"
  version = "v0.9.0"

[[projects]]
  name = "gopkg.in/yaml.v2"
  packages = ["."]
  revision = "5420a8b6744d3b0345ab293f6fcba19c978f1183"
  version = "v2.2.1"

[[projects]]
  name = "k8s.io/apimachinery"
  packages = [
    "pkg/api/equality",
    "pkg/api/errors",
    "pkg/api/meta",
    "pkg/api/resource",
    "pkg/apimachinery",
    "pkg/apimachinery/announced",
    "pkg/apimachinery/registered",
    "pkg/apis/meta/v1",
    "pkg/apis/meta/v1/unstructured",
    "pkg/apis/meta/v1alpha1",
    "pkg/conversion",
    "pkg/conversion/queryparams",
    "pkg/conversion/unstructured",
    "pkg/fields",
    "pkg/labels",
    "pkg/openapi",
    "pkg/runtime",
    "pkg/runtime/schema",
    "pkg/runtime/serializer",
    "pkg/runtime/serializer/json",
    "pkg/runtime/serializer/protobuf",
    "pkg/runtime/serializer/recognizer",
    "pkg/runtime/serializer/streaming",
    "pkg/runtime/serializer/versioning",
    "pkg/selection",
    "pkg/types",
    "pkg/util/clock",
    "pkg/util/diff",
    "pkg/util/errors",
    "pkg/util/framer",
    "pkg/util/intstr",
    "pkg/util/json",
    "pkg/util/net",
    "pkg/util/rand",
    "pkg/util/runtime",
    "pkg/util/sets",
    "pkg/util/validation",
    "pkg/util/validation/field",
    "pkg/util/wait",
    "pkg/util/yaml",
    "pkg/version",
    "pkg/watch",
    "third_party/forked/golang/reflect"
  ]
  revision = "1fd2e63a9a370677308a42f24fd40c86438afddf"

[[projects]]
  name = "k8s.io/client-go"
  packages = [
    "discovery",
    "discovery/fake",
    "kubernetes",
    "kubernetes/fake",
    "kubernetes/scheme",
    "kubernetes/typed/admissionregistration/v1alpha1",
    "kubernetes/typed/admissionregistration/v1alpha1/fake",
    "kubernetes/typed/apps/v1beta1",
    "kubernetes/typed/apps/v1beta1/fake",
    "kubernetes/typed/authentication/v1",
    "kubernetes/typed/authentication/v1/fake",
    "kubernetes/typed/authentication/v1beta1",
    "kubernetes/typed/authentication/v1beta1/fake",
    "kubernetes/typed/authorization/v1",
    "kubernetes/typed/authorization/v1/fake",
    "kubernetes/typed/authorization/v1beta1",
    "kubernetes/typed/authorization/v1beta1/fake",
    "kubernetes/typed/autoscaling/v1",
    "kubernetes/typed/autoscaling/v1/fake",
    "kubernetes/typed/autoscaling/v2alpha1",
    "kubernetes/typed/autoscaling/v2alpha1/fake",
    "kubernetes/typed/batch/v1",
    "kubernetes/typed/batch/v1/fake",
    "kubernetes/typed/batch/v2alpha1",
    "kubernetes/typed/batch/v2alpha1/fake",
    "kubernetes/typed/certificates/v1beta1",
    "kubernetes/typed/certificates/v1beta1/fake",
    "kubernetes/typed/core/v1",
    "kubernetes/typed/core/v1/fake",
    "kubernetes/typed/extensions/v1beta1",
    "kubernetes/typed/extensions/v1beta1/fake",
    "kubernetes/typed/networking/v1",
    "kubernetes/typed/networking/v1/fake",
    "kubernetes/typed/policy/v1beta1",
    "kubernetes/typed/policy/v1beta1/fake",
    "kubernetes/typed/rbac/v1alpha1",
    "kubernetes/typed/rbac/v1alpha1/fake",
    "kubernetes/typed/rbac/v1beta1",
    "kubernetes/typed/rbac/v1beta1/fake",
    "kubernetes/typed/settings/v1alpha1",
    "kubernetes/typed/settings/v1alpha1/fake",
    "kubernetes/typed/storage/v1",
    "kubernetes/typed/storage/v1/fake",
    "kubernetes/typed/storage/v1beta1",
    "kubernetes/typed/storage/v1beta1/fake",
    "pkg/api",
    "pkg/api/v1",
    "pkg/api/v1/ref",
    "pkg/apis/admissionregistration",
    "pkg/apis/admissionregistration/v1alpha1",
    "pkg/apis/apps",
    "pkg/apis/apps/v1beta1",
    "pkg/apis/authentication",
    "pkg/apis/authentication/v1",
    "pkg/apis/authentication/v1beta1",
    "pkg/apis/authorization",
    "pkg/apis/authorization/v1",
    "pkg/apis/authorization/v1beta1",
    "pkg/apis/autoscaling",
    "pkg/apis/autoscaling/v1",
    "pkg/apis/autoscaling/v2alpha1",
    "pkg/apis/batch",
    "pkg/apis/batch/v1",
    "pkg/apis/batch/v2alpha1",
    "pkg/apis/certificates",
    "pkg/apis/certificates/v1beta1",
    "pkg/apis/extensions",
    "pkg/apis/extensions/v1beta1",
    "pkg/apis/networking",
    "pkg/apis/networking/v1",
    "pkg/apis/policy",
    "pkg/apis/policy/v1beta1",
    "pkg/apis/rbac",
    "pkg/apis/rbac/v1alpha1",
    "pkg/apis/rbac/v1beta1",
    "pkg/apis/settings",
    "pkg/apis/settings/v1alpha1",
    "pkg/apis/storage",
    "pkg/apis/storage/v1",
    "pkg/apis/storage/v1beta1",
    "pkg/util",
    "pkg/util/parsers",
    "pkg/version",
    "rest",
    "rest/watch",
    "testing",
    "tools/auth",
    "tools/clientcmd",
    "tools/clientcmd/api",
    "tools/clientcmd/api/latest",
    "tools/clientcmd/api/v1",
    "tools/metrics",
    "transport",
    "util/cert",
    "util/flowcontrol",
    "util/homedir",
    "util/integer"
  ]
  revision = "d92e8497f71b7b4e0494e5bd204b48d34bd6f254"
  version = "v4.0.0"

[solve-meta]
  analyzer-name = "dep"
  analyzer-version = 1
  inputs-digest = "994c0959d55d27dabe83b7ed0e8e774a9b266121b7713b30aa3d6764f8af8577"
  solver-name = "gps-cdcl"
  solver-version = 1
